# THIS IS AN AUTOGENERATED FILE. DO NOT EDIT THIS FILE DIRECTLY.
# yarn lockfile v1


marked@0.0.1:
  version "0.0.1"
  resolved "https://registry.yarnpkg.com/marked/-/marked-0.0.1.tgz#3c4a985ac69917db567d792c90f89eeda2109016"
  integrity sha512-IXvxA42OBBN07+BZf8feBUYCNhQLmiJ6m0Q27OygsrTp3nRT3Mj+mdEU342pVxYP6P3YrS4GII4lp2aS3PWQ6A==
